
Microsoft Visual Studio Solution File, Format Version 12.00
# Visual Studio Version 17
VisualStudioVersion = 17.9.34728.123
MinimumVisualStudioVersion = 10.0.40219.1
Project("{FAE04EC0-301F-11D3-BF4B-00C04F79EFBC}") = "Persist", "Persist\Persist.csproj", "{F39A8180-3BD8-4C4D-8D31-23ED1A6CBF78}"
EndProject
Project("{FAE04EC0-301F-11D3-BF4B-00C04F79EFBC}") = "Controller", "Controller\Controller.csproj", "{167B47C8-3CFD-4CF1-9BA0-9C7E6E824A41}"
EndProject
Project("{FAE04EC0-301F-11D3-BF4B-00C04F79EFBC}") = "Service", "Service\Service.csproj", "{F2F6B861-E736-4F94-BC3B-9216ED6380A5}"
EndProject
Project("{FAE04EC0-301F-11D3-BF4B-00C04F79EFBC}") = "Repository", "Repository\Repository.csproj", "{E2CA3AB9-49B6-4F21-8AA9-F271C12E6841}"
EndProject
Project("{FAE04EC0-301F-11D3-BF4B-00C04F79EFBC}") = "Model", "Model\Model.csproj", "{17951B7D-DC64-42DB-BC3E-5960A8429B07}"
EndProject
Global
	GlobalSection(SolutionConfigurationPlatforms) = preSolution
		Debug|Any CPU = Debug|Any CPU
		Release|Any CPU = Release|Any CPU
	EndGlobalSection
	GlobalSection(ProjectConfigurationPlatforms) = postSolution
		{F39A8180-3BD8-4C4D-8D31-23ED1A6CBF78}.Debug|Any CPU.ActiveCfg = Debug|Any CPU
		{F39A8180-3BD8-4C4D-8D31-23ED1A6CBF78}.Debug|Any CPU.Build.0 = Debug|Any CPU
		{F39A8180-3BD8-4C4D-8D31-23ED1A6CBF78}.Release|Any CPU.ActiveCfg = Release|Any CPU
		{F39A8180-3BD8-4C4D-8D31-23ED1A6CBF78}.Release|Any CPU.Build.0 = Release|Any CPU
		{167B47C8-3CFD-4CF1-9BA0-9C7E6E824A41}.Debug|Any CPU.ActiveCfg = Debug|Any CPU
		{167B47C8-3CFD-4CF1-9BA0-9C7E6E824A41}.Debug|Any CPU.Build.0 = Debug|Any CPU
		{167B47C8-3CFD-4CF1-9BA0-9C7E6E824A41}.Release|Any CPU.ActiveCfg = Release|Any CPU
		{167B47C8-3CFD-4CF1-9BA0-9C7E6E824A41}.Release|Any CPU.Build.0 = Release|Any CPU
		{F2F6B861-E736-4F94-BC3B-9216ED6380A5}.Debug|Any CPU.ActiveCfg = Debug|Any CPU
		{F2F6B861-E736-4F94-BC3B-9216ED6380A5}.Debug|Any CPU.Build.0 = Debug|Any CPU
		{F2F6B861-E736-4F94-BC3B-9216ED6380A5}.Release|Any CPU.ActiveCfg = Release|Any CPU
		{F2F6B861-E736-4F94-BC3B-9216ED6380A5}.Release|Any CPU.Build.0 = Release|Any CPU
		{E2CA3AB9-49B6-4F21-8AA9-F271C12E6841}.Debug|Any CPU.ActiveCfg = Debug|Any CPU
		{E2CA3AB9-49B6-4F21-8AA9-F271C12E6841}.Debug|Any CPU.Build.0 = Debug|Any CPU
		{E2CA3AB9-49B6-4F21-8AA9-F271C12E6841}.Release|Any CPU.ActiveCfg = Release|Any CPU
		{E2CA3AB9-49B6-4F21-8AA9-F271C12E6841}.Release|Any CPU.Build.0 = Release|Any CPU
		{17951B7D-DC64-42DB-BC3E-5960A8429B07}.Debug|Any CPU.ActiveCfg = Debug|Any CPU
		{17951B7D-DC64-42DB-BC3E-5960A8429B07}.Debug|Any CPU.Build.0 = Debug|Any CPU
		{17951B7D-DC64-42DB-BC3E-5960A8429B07}.Release|Any CPU.ActiveCfg = Release|Any CPU
		{17951B7D-DC64-42DB-BC3E-5960A8429B07}.Release|Any CPU.Build.0 = Release|Any CPU
	EndGlobalSection
	GlobalSection(SolutionProperties) = preSolution
		HideSolutionNode = FALSE
	EndGlobalSection
	GlobalSection(ExtensibilityGlobals) = postSolution
		SolutionGuid = {6DF500E8-ACB8-4A6B-BEC2-2528218AAAD1}
	EndGlobalSection
EndGlobal
